github.com/asmsh/flagged v1.0.0 h1:bmcjqY57Zv+wlqVOP4nX4EJuiPtn5eVvyKkYjlV9rAs=
github.com/asmsh/flagged v1.0.0/go.mod h1:XalQzN1y4cR4GmKMuUQgwwzI4xfW+Ptbmf3JM4o145Q=
github.com/asmsh/sema v1.1.0 h1:QCyWTeFm2mFB6hRbxlihmXJqPLXxAjkagH3is9gUbwg=
github.com/asmsh/sema v1.1.0/go.mod h1:H/ommkdxUJ4zIEYusgM0key2GG29PS7/3DQ0WvOQmaY=
github.com/asmsh/uniquerand v1.0.0 h1:XXzCkVMDzkIwbIfoiO/troSBn4inwaTNGVfoLrhS2Gw=
github.com/asmsh/uniquerand v1.0.0/go.mod h1:rNrv53YBqKJrNQuYS2sL2t2FhOuQ68LkFmhQBzpsoD4=
