github.com/asmsh/flagged v1.0.0 h1:bmcjqY57Zv+wlqVOP4nX4EJuiPtn5eVvyKkYjlV9rAs=
github.com/asmsh/flagged v1.0.0/go.mod h1:XalQzN1y4cR4GmKMuUQgwwzI4xfW+Ptbmf3JM4o145Q=
github.com/asmsh/sema v1.1.0 h1:QCyWTeFm2mFB6hRbxlihmXJqPLXxAjkagH3is9gUbwg=
github.com/asmsh/sema v1.1.0/go.mod h1:H/ommkdxUJ4zIEYusgM0key2GG29PS7/3DQ0WvOQmaY=
github.com/asmsh/uniquerand/v2 v2.0.0 h1:WZ53RH55D0+ygfMCKhXfiusr/8tGcWnDhP52QM+e+zk=
github.com/asmsh/uniquerand/v2 v2.0.0/go.mod h1:Dmi1SB4dXwV0DkuzyFxGhBPBVC/OId9mkyktFYmdDZs=
